// !$*UTF8*$!
{
	archiveVersion = 1;
	classes = {
	};
	objectVersion = 48;
	objects = {

/* Begin PBXBuildFile section */
		32FCA306729B3E4519426F4A /* Pods_Fermentor.framework in Frameworks */ = {isa = PBXBuildFile; fileRef = 8B9DB70B9F11A59501463D7A /* Pods_Fermentor.framework */; };
		4E4A1508C4B0F4618A37F7C3 /* Pods_FermentorTests.framework in Frameworks */ = {isa = PBXBuildFile; fileRef = 2743AA33A0538F2F6A4CA0A6 /* Pods_FermentorTests.framework */; };
		DE1EBB3C20AB3A4800D06011 /* PickleListItemView.xib in Resources */ = {isa = PBXBuildFile; fileRef = DE1EBB3B20AB3A4800D06011 /* PickleListItemView.xib */; };
		DE1EBB3E20AB3A7900D06011 /* PickleListItemView.swift in Sources */ = {isa = PBXBuildFile; fileRef = DE1EBB3D20AB3A7900D06011 /* PickleListItemView.swift */; };
		DE29251320B86D9C008B385D /* DisplayableError.swift in Sources */ = {isa = PBXBuildFile; fileRef = DE29251220B86D9C008B385D /* DisplayableError.swift */; };
		DE33E0C920AB4C14006B8CF0 /* Workspace.swift in Sources */ = {isa = PBXBuildFile; fileRef = DE33E0C820AB4C14006B8CF0 /* Workspace.swift */; };
		DE33E0CB20AB4EFD006B8CF0 /* Provider.swift in Sources */ = {isa = PBXBuildFile; fileRef = DE33E0CA20AB4EFD006B8CF0 /* Provider.swift */; };
		DE33E0CE20AB51BA006B8CF0 /* PickleDetailViewModel.swift in Sources */ = {isa = PBXBuildFile; fileRef = DE33E0CD20AB51BA006B8CF0 /* PickleDetailViewModel.swift */; };
		DE33E0D120AB51EF006B8CF0 /* PickleDetailView.swift in Sources */ = {isa = PBXBuildFile; fileRef = DE33E0D020AB51EF006B8CF0 /* PickleDetailView.swift */; };
		DE33E0D320AB521F006B8CF0 /* PickleDetailView.xib in Resources */ = {isa = PBXBuildFile; fileRef = DE33E0D220AB521F006B8CF0 /* PickleDetailView.xib */; };
		DE33E0D820AD53F9006B8CF0 /* String+Extensions.swift in Sources */ = {isa = PBXBuildFile; fileRef = DE33E0D720AD53F9006B8CF0 /* String+Extensions.swift */; };
		DE64CE5C20AF8EFE004224E6 /* Styles.swift in Sources */ = {isa = PBXBuildFile; fileRef = DE64CE5B20AF8EFE004224E6 /* Styles.swift */; };
		DE64CE5E20B2A8CF004224E6 /* PickleListStyle.swift in Sources */ = {isa = PBXBuildFile; fileRef = DE64CE5D20B2A8CF004224E6 /* PickleListStyle.swift */; };
		DE64CE6020B5547E004224E6 /* UIView+Extensions.swift in Sources */ = {isa = PBXBuildFile; fileRef = DE64CE5F20B5547E004224E6 /* UIView+Extensions.swift */; };
		DE88544520AB1DF500C2CA03 /* Coordinator.swift in Sources */ = {isa = PBXBuildFile; fileRef = DE88544420AB1DF500C2CA03 /* Coordinator.swift */; };
		DE88544920AB24ED00C2CA03 /* Pickle.swift in Sources */ = {isa = PBXBuildFile; fileRef = DE88544820AB24ED00C2CA03 /* Pickle.swift */; };
		DE88544B20AB372D00C2CA03 /* PickleService.swift in Sources */ = {isa = PBXBuildFile; fileRef = DE88544A20AB372D00C2CA03 /* PickleService.swift */; };
		DED0F63420B82E61007D52F7 /* Constants.swift in Sources */ = {isa = PBXBuildFile; fileRef = DED0F63320B82E61007D52F7 /* Constants.swift */; };
		DED0F63620B8351A007D52F7 /* Localizable.strings in Resources */ = {isa = PBXBuildFile; fileRef = DED0F63520B8351A007D52F7 /* Localizable.strings */; };
		DED0F63920B85971007D52F7 /* PrettyLogger.swift in Sources */ = {isa = PBXBuildFile; fileRef = DED0F63820B85971007D52F7 /* PrettyLogger.swift */; };
		DED3C61120AB18FC0002C760 /* AppDelegate.swift in Sources */ = {isa = PBXBuildFile; fileRef = DED3C61020AB18FC0002C760 /* AppDelegate.swift */; };
		DED3C61620AB18FC0002C760 /* Main.storyboard in Resources */ = {isa = PBXBuildFile; fileRef = DED3C61420AB18FC0002C760 /* Main.storyboard */; };
		DED3C61820AB18FC0002C760 /* Assets.xcassets in Resources */ = {isa = PBXBuildFile; fileRef = DED3C61720AB18FC0002C760 /* Assets.xcassets */; };
		DED3C61B20AB18FC0002C760 /* LaunchScreen.storyboard in Resources */ = {isa = PBXBuildFile; fileRef = DED3C61920AB18FC0002C760 /* LaunchScreen.storyboard */; };
		DED3C62620AB18FC0002C760 /* FermentorTests.swift in Sources */ = {isa = PBXBuildFile; fileRef = DED3C62520AB18FC0002C760 /* FermentorTests.swift */; };
		DED3C63620AB1AA20002C760 /* PickleListViewModel.swift in Sources */ = {isa = PBXBuildFile; fileRef = DED3C63520AB1AA20002C760 /* PickleListViewModel.swift */; };
		DED3C63820AB1AED0002C760 /* PickleListView.swift in Sources */ = {isa = PBXBuildFile; fileRef = DED3C63720AB1AED0002C760 /* PickleListView.swift */; };
		DED3C63A20AB1B500002C760 /* PickleListView.xib in Resources */ = {isa = PBXBuildFile; fileRef = DED3C63920AB1B500002C760 /* PickleListView.xib */; };
/* End PBXBuildFile section */

/* Begin PBXContainerItemProxy section */
		DED3C62220AB18FC0002C760 /* PBXContainerItemProxy */ = {
			isa = PBXContainerItemProxy;
			containerPortal = DED3C60520AB18FC0002C760 /* Project object */;
			proxyType = 1;
			remoteGlobalIDString = DED3C60C20AB18FC0002C760;
			remoteInfo = Fermentor;
		};
/* End PBXContainerItemProxy section */

/* Begin PBXFileReference section */
		16311F5D17A39532E9161E54 /* Pods-Fermentor.release.xcconfig */ = {isa = PBXFileReference; includeInIndex = 1; lastKnownFileType = text.xcconfig; name = "Pods-Fermentor.release.xcconfig"; path = "Pods/Target Support Files/Pods-Fermentor/Pods-Fermentor.release.xcconfig"; sourceTree = "<group>"; };
		2743AA33A0538F2F6A4CA0A6 /* Pods_FermentorTests.framework */ = {isa = PBXFileReference; explicitFileType = wrapper.framework; includeInIndex = 0; path = Pods_FermentorTests.framework; sourceTree = BUILT_PRODUCTS_DIR; };
		2955EFC8CDF8E7A8F6E50B2D /* Pods-Fermentor.debug.xcconfig */ = {isa = PBXFileReference; includeInIndex = 1; lastKnownFileType = text.xcconfig; name = "Pods-Fermentor.debug.xcconfig"; path = "Pods/Target Support Files/Pods-Fermentor/Pods-Fermentor.debug.xcconfig"; sourceTree = "<group>"; };
		4AF38EEB3C09C1188FA5FF85 /* Pods-FermentorTests.debug.xcconfig */ = {isa = PBXFileReference; includeInIndex = 1; lastKnownFileType = text.xcconfig; name = "Pods-FermentorTests.debug.xcconfig"; path = "Pods/Target Support Files/Pods-FermentorTests/Pods-FermentorTests.debug.xcconfig"; sourceTree = "<group>"; };
		8B9DB70B9F11A59501463D7A /* Pods_Fermentor.framework */ = {isa = PBXFileReference; explicitFileType = wrapper.framework; includeInIndex = 0; path = Pods_Fermentor.framework; sourceTree = BUILT_PRODUCTS_DIR; };
		DE1EBB3B20AB3A4800D06011 /* PickleListItemView.xib */ = {isa = PBXFileReference; lastKnownFileType = file.xib; path = PickleListItemView.xib; sourceTree = "<group>"; };
		DE1EBB3D20AB3A7900D06011 /* PickleListItemView.swift */ = {isa = PBXFileReference; lastKnownFileType = sourcecode.swift; path = PickleListItemView.swift; sourceTree = "<group>"; };
		DE29251220B86D9C008B385D /* DisplayableError.swift */ = {isa = PBXFileReference; lastKnownFileType = sourcecode.swift; path = DisplayableError.swift; sourceTree = "<group>"; };
		DE33E0C820AB4C14006B8CF0 /* Workspace.swift */ = {isa = PBXFileReference; lastKnownFileType = sourcecode.swift; path = Workspace.swift; sourceTree = "<group>"; };
		DE33E0CA20AB4EFD006B8CF0 /* Provider.swift */ = {isa = PBXFileReference; lastKnownFileType = sourcecode.swift; path = Provider.swift; sourceTree = "<group>"; };
		DE33E0CD20AB51BA006B8CF0 /* PickleDetailViewModel.swift */ = {isa = PBXFileReference; lastKnownFileType = sourcecode.swift; path = PickleDetailViewModel.swift; sourceTree = "<group>"; };
		DE33E0D020AB51EF006B8CF0 /* PickleDetailView.swift */ = {isa = PBXFileReference; lastKnownFileType = sourcecode.swift; path = PickleDetailView.swift; sourceTree = "<group>"; };
		DE33E0D220AB521F006B8CF0 /* PickleDetailView.xib */ = {isa = PBXFileReference; lastKnownFileType = file.xib; path = PickleDetailView.xib; sourceTree = "<group>"; };
		DE33E0D720AD53F9006B8CF0 /* String+Extensions.swift */ = {isa = PBXFileReference; lastKnownFileType = sourcecode.swift; path = "String+Extensions.swift"; sourceTree = "<group>"; };
		DE64CE5B20AF8EFE004224E6 /* Styles.swift */ = {isa = PBXFileReference; lastKnownFileType = sourcecode.swift; path = Styles.swift; sourceTree = "<group>"; };
		DE64CE5D20B2A8CF004224E6 /* PickleListStyle.swift */ = {isa = PBXFileReference; lastKnownFileType = sourcecode.swift; path = PickleListStyle.swift; sourceTree = "<group>"; };
		DE64CE5F20B5547E004224E6 /* UIView+Extensions.swift */ = {isa = PBXFileReference; lastKnownFileType = sourcecode.swift; path = "UIView+Extensions.swift"; sourceTree = "<group>"; };
		DE88544420AB1DF500C2CA03 /* Coordinator.swift */ = {isa = PBXFileReference; lastKnownFileType = sourcecode.swift; path = Coordinator.swift; sourceTree = "<group>"; };
		DE88544820AB24ED00C2CA03 /* Pickle.swift */ = {isa = PBXFileReference; lastKnownFileType = sourcecode.swift; path = Pickle.swift; sourceTree = "<group>"; };
		DE88544A20AB372D00C2CA03 /* PickleService.swift */ = {isa = PBXFileReference; lastKnownFileType = sourcecode.swift; path = PickleService.swift; sourceTree = "<group>"; };
		DEBB18618596C33F4038D9AE /* Pods-FermentorTests.release.xcconfig */ = {isa = PBXFileReference; includeInIndex = 1; lastKnownFileType = text.xcconfig; name = "Pods-FermentorTests.release.xcconfig"; path = "Pods/Target Support Files/Pods-FermentorTests/Pods-FermentorTests.release.xcconfig"; sourceTree = "<group>"; };
		DED0F63320B82E61007D52F7 /* Constants.swift */ = {isa = PBXFileReference; lastKnownFileType = sourcecode.swift; path = Constants.swift; sourceTree = "<group>"; };
		DED0F63520B8351A007D52F7 /* Localizable.strings */ = {isa = PBXFileReference; lastKnownFileType = text.plist.strings; path = Localizable.strings; sourceTree = "<group>"; };
		DED0F63820B85971007D52F7 /* PrettyLogger.swift */ = {isa = PBXFileReference; lastKnownFileType = sourcecode.swift; path = PrettyLogger.swift; sourceTree = "<group>"; };
		DED3C60D20AB18FC0002C760 /* Fermentor.app */ = {isa = PBXFileReference; explicitFileType = wrapper.application; includeInIndex = 0; path = Fermentor.app; sourceTree = BUILT_PRODUCTS_DIR; };
		DED3C61020AB18FC0002C760 /* AppDelegate.swift */ = {isa = PBXFileReference; lastKnownFileType = sourcecode.swift; path = AppDelegate.swift; sourceTree = "<group>"; };
		DED3C61520AB18FC0002C760 /* Base */ = {isa = PBXFileReference; lastKnownFileType = file.storyboard; name = Base; path = Base.lproj/Main.storyboard; sourceTree = "<group>"; };
		DED3C61720AB18FC0002C760 /* Assets.xcassets */ = {isa = PBXFileReference; lastKnownFileType = folder.assetcatalog; path = Assets.xcassets; sourceTree = "<group>"; };
		DED3C61A20AB18FC0002C760 /* Base */ = {isa = PBXFileReference; lastKnownFileType = file.storyboard; name = Base; path = Base.lproj/LaunchScreen.storyboard; sourceTree = "<group>"; };
		DED3C61C20AB18FC0002C760 /* Info.plist */ = {isa = PBXFileReference; lastKnownFileType = text.plist.xml; path = Info.plist; sourceTree = "<group>"; };
		DED3C62120AB18FC0002C760 /* FermentorTests.xctest */ = {isa = PBXFileReference; explicitFileType = wrapper.cfbundle; includeInIndex = 0; path = FermentorTests.xctest; sourceTree = BUILT_PRODUCTS_DIR; };
		DED3C62520AB18FC0002C760 /* FermentorTests.swift */ = {isa = PBXFileReference; lastKnownFileType = sourcecode.swift; path = FermentorTests.swift; sourceTree = "<group>"; };
		DED3C62720AB18FC0002C760 /* Info.plist */ = {isa = PBXFileReference; lastKnownFileType = text.plist.xml; path = Info.plist; sourceTree = "<group>"; };
		DED3C63520AB1AA20002C760 /* PickleListViewModel.swift */ = {isa = PBXFileReference; lastKnownFileType = sourcecode.swift; path = PickleListViewModel.swift; sourceTree = "<group>"; };
		DED3C63720AB1AED0002C760 /* PickleListView.swift */ = {isa = PBXFileReference; lastKnownFileType = sourcecode.swift; path = PickleListView.swift; sourceTree = "<group>"; };
		DED3C63920AB1B500002C760 /* PickleListView.xib */ = {isa = PBXFileReference; lastKnownFileType = file.xib; path = PickleListView.xib; sourceTree = "<group>"; };
/* End PBXFileReference section */

/* Begin PBXFrameworksBuildPhase section */
		DED3C60A20AB18FC0002C760 /* Frameworks */ = {
			isa = PBXFrameworksBuildPhase;
			buildActionMask = 2147483647;
			files = (
				32FCA306729B3E4519426F4A /* Pods_Fermentor.framework in Frameworks */,
			);
			runOnlyForDeploymentPostprocessing = 0;
		};
		DED3C61E20AB18FC0002C760 /* Frameworks */ = {
			isa = PBXFrameworksBuildPhase;
			buildActionMask = 2147483647;
			files = (
				4E4A1508C4B0F4618A37F7C3 /* Pods_FermentorTests.framework in Frameworks */,
			);
			runOnlyForDeploymentPostprocessing = 0;
		};
/* End PBXFrameworksBuildPhase section */

/* Begin PBXGroup section */
		03902E4D63ADD4580291BA05 /* Pods */ = {
			isa = PBXGroup;
			children = (
				2955EFC8CDF8E7A8F6E50B2D /* Pods-Fermentor.debug.xcconfig */,
				16311F5D17A39532E9161E54 /* Pods-Fermentor.release.xcconfig */,
				4AF38EEB3C09C1188FA5FF85 /* Pods-FermentorTests.debug.xcconfig */,
				DEBB18618596C33F4038D9AE /* Pods-FermentorTests.release.xcconfig */,
			);
			name = Pods;
			sourceTree = "<group>";
		};
		C2C5BA6D66E25123B85801C7 /* Frameworks */ = {
			isa = PBXGroup;
			children = (
				8B9DB70B9F11A59501463D7A /* Pods_Fermentor.framework */,
				2743AA33A0538F2F6A4CA0A6 /* Pods_FermentorTests.framework */,
			);
			name = Frameworks;
			sourceTree = "<group>";
		};
		DE29251120B86D71008B385D /* Shared Components */ = {
			isa = PBXGroup;
			children = (
				DE29251220B86D9C008B385D /* DisplayableError.swift */,
			);
			path = "Shared Components";
			sourceTree = "<group>";
		};
		DE33E0CC20AB5183006B8CF0 /* Pickle Detail */ = {
			isa = PBXGroup;
			children = (
				DE33E0CD20AB51BA006B8CF0 /* PickleDetailViewModel.swift */,
				DE33E0CF20AB51D3006B8CF0 /* Components */,
			);
			path = "Pickle Detail";
			sourceTree = "<group>";
		};
		DE33E0CF20AB51D3006B8CF0 /* Components */ = {
			isa = PBXGroup;
			children = (
				DE33E0D020AB51EF006B8CF0 /* PickleDetailView.swift */,
				DE33E0D220AB521F006B8CF0 /* PickleDetailView.xib */,
			);
			path = Components;
			sourceTree = "<group>";
		};
		DE33E0D620AC5C6A006B8CF0 /* Extension */ = {
			isa = PBXGroup;
			children = (
				DE33E0D720AD53F9006B8CF0 /* String+Extensions.swift */,
				DE64CE5F20B5547E004224E6 /* UIView+Extensions.swift */,
			);
			path = Extension;
			sourceTree = "<group>";
		};
		DED0F63720B85962007D52F7 /* Utilities */ = {
			isa = PBXGroup;
			children = (
				DED0F63820B85971007D52F7 /* PrettyLogger.swift */,
			);
			path = Utilities;
			sourceTree = "<group>";
		};
		DED3C60420AB18FC0002C760 = {
			isa = PBXGroup;
			children = (
				DED3C60F20AB18FC0002C760 /* Fermentor */,
				DED3C62420AB18FC0002C760 /* FermentorTests */,
				DED3C60E20AB18FC0002C760 /* Products */,
				03902E4D63ADD4580291BA05 /* Pods */,
				C2C5BA6D66E25123B85801C7 /* Frameworks */,
			);
			sourceTree = "<group>";
		};
		DED3C60E20AB18FC0002C760 /* Products */ = {
			isa = PBXGroup;
			children = (
				DED3C60D20AB18FC0002C760 /* Fermentor.app */,
				DED3C62120AB18FC0002C760 /* FermentorTests.xctest */,
			);
			name = Products;
			sourceTree = "<group>";
		};
		DED3C60F20AB18FC0002C760 /* Fermentor */ = {
			isa = PBXGroup;
			children = (
				DED3C61020AB18FC0002C760 /* AppDelegate.swift */,
				DE88544420AB1DF500C2CA03 /* Coordinator.swift */,
				DE33E0C820AB4C14006B8CF0 /* Workspace.swift */,
				DE64CE5B20AF8EFE004224E6 /* Styles.swift */,
				DED0F63320B82E61007D52F7 /* Constants.swift */,
				DED0F63720B85962007D52F7 /* Utilities */,
				DE33E0D620AC5C6A006B8CF0 /* Extension */,
				DED3C63320AB1A1F0002C760 /* Model */,
				DED3C63420AB1A2C0002C760 /* Service */,
				DE29251120B86D71008B385D /* Shared Components */,
				DED3C63020AB19CB0002C760 /* Pickle List  */,
				DE33E0CC20AB5183006B8CF0 /* Pickle Detail */,
				DED3C61420AB18FC0002C760 /* Main.storyboard */,
				DED3C61720AB18FC0002C760 /* Assets.xcassets */,
				DED3C61920AB18FC0002C760 /* LaunchScreen.storyboard */,
				DED3C61C20AB18FC0002C760 /* Info.plist */,
				DED0F63520B8351A007D52F7 /* Localizable.strings */,
			);
			path = Fermentor;
			sourceTree = "<group>";
		};
		DED3C62420AB18FC0002C760 /* FermentorTests */ = {
			isa = PBXGroup;
			children = (
				DED3C62520AB18FC0002C760 /* FermentorTests.swift */,
				DED3C62720AB18FC0002C760 /* Info.plist */,
			);
			path = FermentorTests;
			sourceTree = "<group>";
		};
		DED3C63020AB19CB0002C760 /* Pickle List  */ = {
			isa = PBXGroup;
			children = (
				DED3C63520AB1AA20002C760 /* PickleListViewModel.swift */,
				DED3C63120AB1A100002C760 /* Components */,
			);
			path = "Pickle List ";
			sourceTree = "<group>";
		};
		DED3C63120AB1A100002C760 /* Components */ = {
			isa = PBXGroup;
			children = (
				DE64CE5D20B2A8CF004224E6 /* PickleListStyle.swift */,
				DED3C63720AB1AED0002C760 /* PickleListView.swift */,
				DED3C63920AB1B500002C760 /* PickleListView.xib */,
				DE1EBB3D20AB3A7900D06011 /* PickleListItemView.swift */,
				DE1EBB3B20AB3A4800D06011 /* PickleListItemView.xib */,
			);
			path = Components;
			sourceTree = "<group>";
		};
		DED3C63320AB1A1F0002C760 /* Model */ = {
			isa = PBXGroup;
			children = (
				DE88544820AB24ED00C2CA03 /* Pickle.swift */,
			);
			path = Model;
			sourceTree = "<group>";
		};
		DED3C63420AB1A2C0002C760 /* Service */ = {
			isa = PBXGroup;
			children = (
				DE33E0CA20AB4EFD006B8CF0 /* Provider.swift */,
				DE88544A20AB372D00C2CA03 /* PickleService.swift */,
			);
			path = Service;
			sourceTree = "<group>";
		};
/* End PBXGroup section */

/* Begin PBXNativeTarget section */
		DED3C60C20AB18FC0002C760 /* Fermentor */ = {
			isa = PBXNativeTarget;
			buildConfigurationList = DED3C62A20AB18FC0002C760 /* Build configuration list for PBXNativeTarget "Fermentor" */;
			buildPhases = (
				E9E6A327600E924154CC91A3 /* [CP] Check Pods Manifest.lock */,
				DED3C60920AB18FC0002C760 /* Sources */,
				DED3C60A20AB18FC0002C760 /* Frameworks */,
				DED3C60B20AB18FC0002C760 /* Resources */,
				7F33E017A4B97EEF099D8339 /* [CP] Embed Pods Frameworks */,
				9FCDE04AF3936E090584651C /* [CP] Copy Pods Resources */,
			);
			buildRules = (
			);
			dependencies = (
			);
			name = Fermentor;
			productName = Fermentor;
			productReference = DED3C60D20AB18FC0002C760 /* Fermentor.app */;
			productType = "com.apple.product-type.application";
		};
		DED3C62020AB18FC0002C760 /* FermentorTests */ = {
			isa = PBXNativeTarget;
			buildConfigurationList = DED3C62D20AB18FC0002C760 /* Build configuration list for PBXNativeTarget "FermentorTests" */;
			buildPhases = (
				31F3F0FBE63C526E2565702A /* [CP] Check Pods Manifest.lock */,
				DED3C61D20AB18FC0002C760 /* Sources */,
				DED3C61E20AB18FC0002C760 /* Frameworks */,
				DED3C61F20AB18FC0002C760 /* Resources */,
				C5024A565C8CABB9B943F763 /* [CP] Embed Pods Frameworks */,
				031629FC9EF8006A0E32827C /* [CP] Copy Pods Resources */,
			);
			buildRules = (
			);
			dependencies = (
				DED3C62320AB18FC0002C760 /* PBXTargetDependency */,
			);
			name = FermentorTests;
			productName = FermentorTests;
			productReference = DED3C62120AB18FC0002C760 /* FermentorTests.xctest */;
			productType = "com.apple.product-type.bundle.unit-test";
		};
/* End PBXNativeTarget section */

/* Begin PBXProject section */
		DED3C60520AB18FC0002C760 /* Project object */ = {
			isa = PBXProject;
			attributes = {
				LastSwiftUpdateCheck = 0920;
				LastUpgradeCheck = 0920;
				ORGANIZATIONNAME = "Matthew Wilkinson";
				TargetAttributes = {
					DED3C60C20AB18FC0002C760 = {
						CreatedOnToolsVersion = 9.2;
						ProvisioningStyle = Automatic;
					};
					DED3C62020AB18FC0002C760 = {
						CreatedOnToolsVersion = 9.2;
						ProvisioningStyle = Automatic;
						TestTargetID = DED3C60C20AB18FC0002C760;
					};
				};
			};
			buildConfigurationList = DED3C60820AB18FC0002C760 /* Build configuration list for PBXProject "Fermentor" */;
			compatibilityVersion = "Xcode 8.0";
			developmentRegion = en;
			hasScannedForEncodings = 0;
			knownRegions = (
				en,
				Base,
			);
			mainGroup = DED3C60420AB18FC0002C760;
			productRefGroup = DED3C60E20AB18FC0002C760 /* Products */;
			projectDirPath = "";
			projectRoot = "";
			targets = (
				DED3C60C20AB18FC0002C760 /* Fermentor */,
				DED3C62020AB18FC0002C760 /* FermentorTests */,
			);
		};
/* End PBXProject section */

/* Begin PBXResourcesBuildPhase section */
		DED3C60B20AB18FC0002C760 /* Resources */ = {
			isa = PBXResourcesBuildPhase;
			buildActionMask = 2147483647;
			files = (
				DE1EBB3C20AB3A4800D06011 /* PickleListItemView.xib in Resources */,
				DE33E0D320AB521F006B8CF0 /* PickleDetailView.xib in Resources */,
				DED3C63A20AB1B500002C760 /* PickleListView.xib in Resources */,
				DED0F63620B8351A007D52F7 /* Localizable.strings in Resources */,
				DED3C61B20AB18FC0002C760 /* LaunchScreen.storyboard in Resources */,
				DED3C61820AB18FC0002C760 /* Assets.xcassets in Resources */,
				DED3C61620AB18FC0002C760 /* Main.storyboard in Resources */,
			);
			runOnlyForDeploymentPostprocessing = 0;
		};
		DED3C61F20AB18FC0002C760 /* Resources */ = {
			isa = PBXResourcesBuildPhase;
			buildActionMask = 2147483647;
			files = (
			);
			runOnlyForDeploymentPostprocessing = 0;
		};
/* End PBXResourcesBuildPhase section */

/* Begin PBXShellScriptBuildPhase section */
		031629FC9EF8006A0E32827C /* [CP] Copy Pods Resources */ = {
			isa = PBXShellScriptBuildPhase;
			buildActionMask = 2147483647;
			files = (
			);
			inputPaths = (
			);
			name = "[CP] Copy Pods Resources";
			outputPaths = (
			);
			runOnlyForDeploymentPostprocessing = 0;
			shellPath = /bin/sh;
			shellScript = "\"${SRCROOT}/Pods/Target Support Files/Pods-FermentorTests/Pods-FermentorTests-resources.sh\"\n";
			showEnvVarsInLog = 0;
		};
		31F3F0FBE63C526E2565702A /* [CP] Check Pods Manifest.lock */ = {
			isa = PBXShellScriptBuildPhase;
			buildActionMask = 2147483647;
			files = (
			);
			inputPaths = (
			);
			name = "[CP] Check Pods Manifest.lock";
			outputPaths = (
			);
			runOnlyForDeploymentPostprocessing = 0;
			shellPath = /bin/sh;
			shellScript = "diff \"${PODS_PODFILE_DIR_PATH}/Podfile.lock\" \"${PODS_ROOT}/Manifest.lock\" > /dev/null\nif [ $? != 0 ] ; then\n    # print error to STDERR\n    echo \"error: The sandbox is not in sync with the Podfile.lock. Run 'pod install' or update your CocoaPods installation.\" >&2\n    exit 1\nfi\n";
			showEnvVarsInLog = 0;
		};
		7F33E017A4B97EEF099D8339 /* [CP] Embed Pods Frameworks */ = {
			isa = PBXShellScriptBuildPhase;
			buildActionMask = 2147483647;
			files = (
			);
			inputPaths = (
			);
			name = "[CP] Embed Pods Frameworks";
			outputPaths = (
			);
			runOnlyForDeploymentPostprocessing = 0;
			shellPath = /bin/sh;
			shellScript = "\"${SRCROOT}/Pods/Target Support Files/Pods-Fermentor/Pods-Fermentor-frameworks.sh\"\n";
			showEnvVarsInLog = 0;
		};
		9FCDE04AF3936E090584651C /* [CP] Copy Pods Resources */ = {
			isa = PBXShellScriptBuildPhase;
			buildActionMask = 2147483647;
			files = (
			);
			inputPaths = (
			);
			name = "[CP] Copy Pods Resources";
			outputPaths = (
			);
			runOnlyForDeploymentPostprocessing = 0;
			shellPath = /bin/sh;
			shellScript = "\"${SRCROOT}/Pods/Target Support Files/Pods-Fermentor/Pods-Fermentor-resources.sh\"\n";
			showEnvVarsInLog = 0;
		};
		C5024A565C8CABB9B943F763 /* [CP] Embed Pods Frameworks */ = {
			isa = PBXShellScriptBuildPhase;
			buildActionMask = 2147483647;
			files = (
			);
			inputPaths = (
			);
			name = "[CP] Embed Pods Frameworks";
			outputPaths = (
			);
			runOnlyForDeploymentPostprocessing = 0;
			shellPath = /bin/sh;
			shellScript = "\"${SRCROOT}/Pods/Target Support Files/Pods-FermentorTests/Pods-FermentorTests-frameworks.sh\"\n";
			showEnvVarsInLog = 0;
		};
		E9E6A327600E924154CC91A3 /* [CP] Check Pods Manifest.lock */ = {
			isa = PBXShellScriptBuildPhase;
			buildActionMask = 2147483647;
			files = (
			);
			inputPaths = (
			);
			name = "[CP] Check Pods Manifest.lock";
			outputPaths = (
			);
			runOnlyForDeploymentPostprocessing = 0;
			shellPath = /bin/sh;
			shellScript = "diff \"${PODS_PODFILE_DIR_PATH}/Podfile.lock\" \"${PODS_ROOT}/Manifest.lock\" > /dev/null\nif [ $? != 0 ] ; then\n    # print error to STDERR\n    echo \"error: The sandbox is not in sync with the Podfile.lock. Run 'pod install' or update your CocoaPods installation.\" >&2\n    exit 1\nfi\n";
			showEnvVarsInLog = 0;
		};
/* End PBXShellScriptBuildPhase section */

/* Begin PBXSourcesBuildPhase section */
		DED3C60920AB18FC0002C760 /* Sources */ = {
			isa = PBXSourcesBuildPhase;
			buildActionMask = 2147483647;
			files = (
				DED3C63620AB1AA20002C760 /* PickleListViewModel.swift in Sources */,
				DED0F63920B85971007D52F7 /* PrettyLogger.swift in Sources */,
				DE33E0D820AD53F9006B8CF0 /* String+Extensions.swift in Sources */,
				DE64CE5C20AF8EFE004224E6 /* Styles.swift in Sources */,
				DE33E0CE20AB51BA006B8CF0 /* PickleDetailViewModel.swift in Sources */,
				DE33E0C920AB4C14006B8CF0 /* Workspace.swift in Sources */,
				DE33E0D120AB51EF006B8CF0 /* PickleDetailView.swift in Sources */,
				DED3C63820AB1AED0002C760 /* PickleListView.swift in Sources */,
				DED0F63420B82E61007D52F7 /* Constants.swift in Sources */,
				DE29251320B86D9C008B385D /* DisplayableError.swift in Sources */,
				DE88544520AB1DF500C2CA03 /* Coordinator.swift in Sources */,
				DE88544920AB24ED00C2CA03 /* Pickle.swift in Sources */,
				DE64CE5E20B2A8CF004224E6 /* PickleListStyle.swift in Sources */,
				DE1EBB3E20AB3A7900D06011 /* PickleListItemView.swift in Sources */,
				DE33E0CB20AB4EFD006B8CF0 /* Provider.swift in Sources */,
				DE64CE6020B5547E004224E6 /* UIView+Extensions.swift in Sources */,
				DED3C61120AB18FC0002C760 /* AppDelegate.swift in Sources */,
				DE88544B20AB372D00C2CA03 /* PickleService.swift in Sources */,
			);
			runOnlyForDeploymentPostprocessing = 0;
		};
		DED3C61D20AB18FC0002C760 /* Sources */ = {
			isa = PBXSourcesBuildPhase;
			buildActionMask = 2147483647;
			files = (
				DED3C62620AB18FC0002C760 /* FermentorTests.swift in Sources */,
			);
			runOnlyForDeploymentPostprocessing = 0;
		};
/* End PBXSourcesBuildPhase section */

/* Begin PBXTargetDependency section */
		DED3C62320AB18FC0002C760 /* PBXTargetDependency */ = {
			isa = PBXTargetDependency;
			target = DED3C60C20AB18FC0002C760 /* Fermentor */;
			targetProxy = DED3C62220AB18FC0002C760 /* PBXContainerItemProxy */;
		};
/* End PBXTargetDependency section */

/* Begin PBXVariantGroup section */
		DED3C61420AB18FC0002C760 /* Main.storyboard */ = {
			isa = PBXVariantGroup;
			children = (
				DED3C61520AB18FC0002C760 /* Base */,
			);
			name = Main.storyboard;
			sourceTree = "<group>";
		};
		DED3C61920AB18FC0002C760 /* LaunchScreen.storyboard */ = {
			isa = PBXVariantGroup;
			children = (
				DED3C61A20AB18FC0002C760 /* Base */,
			);
			name = LaunchScreen.storyboard;
			sourceTree = "<group>";
		};
/* End PBXVariantGroup section */

/* Begin XCBuildConfiguration section */
		DED3C62820AB18FC0002C760 /* Debug */ = {
			isa = XCBuildConfiguration;
			buildSettings = {
				ALWAYS_SEARCH_USER_PATHS = NO;
				CLANG_ANALYZER_NONNULL = YES;
				CLANG_ANALYZER_NUMBER_OBJECT_CONVERSION = YES_AGGRESSIVE;
				CLANG_CXX_LANGUAGE_STANDARD = "gnu++14";
				CLANG_CXX_LIBRARY = "libc++";
				CLANG_ENABLE_MODULES = YES;
				CLANG_ENABLE_OBJC_ARC = YES;
				CLANG_WARN_BLOCK_CAPTURE_AUTORELEASING = YES;
				CLANG_WARN_BOOL_CONVERSION = YES;
				CLANG_WARN_COMMA = YES;
				CLANG_WARN_CONSTANT_CONVERSION = YES;
				CLANG_WARN_DIRECT_OBJC_ISA_USAGE = YES_ERROR;
				CLANG_WARN_DOCUMENTATION_COMMENTS = YES;
				CLANG_WARN_EMPTY_BODY = YES;
				CLANG_WARN_ENUM_CONVERSION = YES;
				CLANG_WARN_INFINITE_RECURSION = YES;
				CLANG_WARN_INT_CONVERSION = YES;
				CLANG_WARN_NON_LITERAL_NULL_CONVERSION = YES;
				CLANG_WARN_OBJC_LITERAL_CONVERSION = YES;
				CLANG_WARN_OBJC_ROOT_CLASS = YES_ERROR;
				CLANG_WARN_RANGE_LOOP_ANALYSIS = YES;
				CLANG_WARN_STRICT_PROTOTYPES = YES;
				CLANG_WARN_SUSPICIOUS_MOVE = YES;
				CLANG_WARN_UNGUARDED_AVAILABILITY = YES_AGGRESSIVE;
				CLANG_WARN_UNREACHABLE_CODE = YES;
				CLANG_WARN__DUPLICATE_METHOD_MATCH = YES;
				CODE_SIGN_IDENTITY = "iPhone Developer";
				COPY_PHASE_STRIP = NO;
				DEBUG_INFORMATION_FORMAT = dwarf;
				ENABLE_STRICT_OBJC_MSGSEND = YES;
				ENABLE_TESTABILITY = YES;
				GCC_C_LANGUAGE_STANDARD = gnu11;
				GCC_DYNAMIC_NO_PIC = NO;
				GCC_NO_COMMON_BLOCKS = YES;
				GCC_OPTIMIZATION_LEVEL = 0;
				GCC_PREPROCESSOR_DEFINITIONS = (
					"DEBUG=1",
					"$(inherited)",
				);
				GCC_WARN_64_TO_32_BIT_CONVERSION = YES;
				GCC_WARN_ABOUT_RETURN_TYPE = YES_ERROR;
				GCC_WARN_UNDECLARED_SELECTOR = YES;
				GCC_WARN_UNINITIALIZED_AUTOS = YES_AGGRESSIVE;
				GCC_WARN_UNUSED_FUNCTION = YES;
				GCC_WARN_UNUSED_VARIABLE = YES;
				IPHONEOS_DEPLOYMENT_TARGET = 11.2;
				MTL_ENABLE_DEBUG_INFO = YES;
				ONLY_ACTIVE_ARCH = YES;
				SDKROOT = iphoneos;
				SWIFT_ACTIVE_COMPILATION_CONDITIONS = DEBUG;
				SWIFT_OPTIMIZATION_LEVEL = "-Onone";
			};
			name = Debug;
		};
		DED3C62920AB18FC0002C760 /* Release */ = {
			isa = XCBuildConfiguration;
			buildSettings = {
				ALWAYS_SEARCH_USER_PATHS = NO;
				CLANG_ANALYZER_NONNULL = YES;
				CLANG_ANALYZER_NUMBER_OBJECT_CONVERSION = YES_AGGRESSIVE;
				CLANG_CXX_LANGUAGE_STANDARD = "gnu++14";
				CLANG_CXX_LIBRARY = "libc++";
				CLANG_ENABLE_MODULES = YES;
				CLANG_ENABLE_OBJC_ARC = YES;
				CLANG_WARN_BLOCK_CAPTURE_AUTORELEASING = YES;
				CLANG_WARN_BOOL_CONVERSION = YES;
				CLANG_WARN_COMMA = YES;
				CLANG_WARN_CONSTANT_CONVERSION = YES;
				CLANG_WARN_DIRECT_OBJC_ISA_USAGE = YES_ERROR;
				CLANG_WARN_DOCUMENTATION_COMMENTS = YES;
				CLANG_WARN_EMPTY_BODY = YES;
				CLANG_WARN_ENUM_CONVERSION = YES;
				CLANG_WARN_INFINITE_RECURSION = YES;
				CLANG_WARN_INT_CONVERSION = YES;
				CLANG_WARN_NON_LITERAL_NULL_CONVERSION = YES;
				CLANG_WARN_OBJC_LITERAL_CONVERSION = YES;
				CLANG_WARN_OBJC_ROOT_CLASS = YES_ERROR;
				CLANG_WARN_RANGE_LOOP_ANALYSIS = YES;
				CLANG_WARN_STRICT_PROTOTYPES = YES;
				CLANG_WARN_SUSPICIOUS_MOVE = YES;
				CLANG_WARN_UNGUARDED_AVAILABILITY = YES_AGGRESSIVE;
				CLANG_WARN_UNREACHABLE_CODE = YES;
				CLANG_WARN__DUPLICATE_METHOD_MATCH = YES;
				CODE_SIGN_IDENTITY = "iPhone Developer";
				COPY_PHASE_STRIP = NO;
				DEBUG_INFORMATION_FORMAT = "dwarf-with-dsym";
				ENABLE_NS_ASSERTIONS = NO;
				ENABLE_STRICT_OBJC_MSGSEND = YES;
				GCC_C_LANGUAGE_STANDARD = gnu11;
				GCC_NO_COMMON_BLOCKS = YES;
				GCC_WARN_64_TO_32_BIT_CONVERSION = YES;
				GCC_WARN_ABOUT_RETURN_TYPE = YES_ERROR;
				GCC_WARN_UNDECLARED_SELECTOR = YES;
				GCC_WARN_UNINITIALIZED_AUTOS = YES_AGGRESSIVE;
				GCC_WARN_UNUSED_FUNCTION = YES;
				GCC_WARN_UNUSED_VARIABLE = YES;
				IPHONEOS_DEPLOYMENT_TARGET = 11.2;
				MTL_ENABLE_DEBUG_INFO = NO;
				SDKROOT = iphoneos;
				SWIFT_OPTIMIZATION_LEVEL = "-Owholemodule";
				VALIDATE_PRODUCT = YES;
			};
			name = Release;
		};
		DED3C62B20AB18FC0002C760 /* Debug */ = {
			isa = XCBuildConfiguration;
			baseConfigurationReference = 2955EFC8CDF8E7A8F6E50B2D /* Pods-Fermentor.debug.xcconfig */;
			buildSettings = {
				ASSETCATALOG_COMPILER_APPICON_NAME = AppIcon;
				CODE_SIGN_STYLE = Automatic;
				DEVELOPMENT_TEAM = H4Z65L8CYB;
				INFOPLIST_FILE = Fermentor/Info.plist;
				LD_RUNPATH_SEARCH_PATHS = "$(inherited) @executable_path/Frameworks";
				PRODUCT_BUNDLE_IDENTIFIER = com.somerobots.Fermentor;
				PRODUCT_NAME = "$(TARGET_NAME)";
				SWIFT_VERSION = 4.0;
				TARGETED_DEVICE_FAMILY = "1,2";
			};
			name = Debug;
		};
		DED3C62C20AB18FC0002C760 /* Release */ = {
			isa = XCBuildConfiguration;
			baseConfigurationReference = 16311F5D17A39532E9161E54 /* Pods-Fermentor.release.xcconfig */;
			buildSettings = {
				ASSETCATALOG_COMPILER_APPICON_NAME = AppIcon;
				CODE_SIGN_STYLE = Automatic;
				DEVELOPMENT_TEAM = H4Z65L8CYB;
				INFOPLIST_FILE = Fermentor/Info.plist;
				LD_RUNPATH_SEARCH_PATHS = "$(inherited) @executable_path/Frameworks";
				PRODUCT_BUNDLE_IDENTIFIER = com.somerobots.Fermentor;
				PRODUCT_NAME = "$(TARGET_NAME)";
				SWIFT_VERSION = 4.0;
				TARGETED_DEVICE_FAMILY = "1,2";
			};
			name = Release;
		};
		DED3C62E20AB18FC0002C760 /* Debug */ = {
			isa = XCBuildConfiguration;
			baseConfigurationReference = 4AF38EEB3C09C1188FA5FF85 /* Pods-FermentorTests.debug.xcconfig */;
			buildSettings = {
				ALWAYS_EMBED_SWIFT_STANDARD_LIBRARIES = YES;
				BUNDLE_LOADER = "$(TEST_HOST)";
				CODE_SIGN_STYLE = Automatic;
				DEVELOPMENT_TEAM = H4Z65L8CYB;
				INFOPLIST_FILE = FermentorTests/Info.plist;
				LD_RUNPATH_SEARCH_PATHS = "$(inherited) @executable_path/Frameworks @loader_path/Frameworks";
				PRODUCT_BUNDLE_IDENTIFIER = com.somerobots.FermentorTests;
				PRODUCT_NAME = "$(TARGET_NAME)";
				SWIFT_VERSION = 4.0;
				TARGETED_DEVICE_FAMILY = "1,2";
				TEST_HOST = "$(BUILT_PRODUCTS_DIR)/Fermentor.app/Fermentor";
			};
			name = Debug;
		};
		DED3C62F20AB18FC0002C760 /* Release */ = {
			isa = XCBuildConfiguration;
			baseConfigurationReference = DEBB18618596C33F4038D9AE /* Pods-FermentorTests.release.xcconfig */;
			buildSettings = {
				ALWAYS_EMBED_SWIFT_STANDARD_LIBRARIES = YES;
				BUNDLE_LOADER = "$(TEST_HOST)";
				CODE_SIGN_STYLE = Automatic;
				DEVELOPMENT_TEAM = H4Z65L8CYB;
				INFOPLIST_FILE = FermentorTests/Info.plist;
				LD_RUNPATH_SEARCH_PATHS = "$(inherited) @executable_path/Frameworks @loader_path/Frameworks";
				PRODUCT_BUNDLE_IDENTIFIER = com.somerobots.FermentorTests;
				PRODUCT_NAME = "$(TARGET_NAME)";
				SWIFT_VERSION = 4.0;
				TARGETED_DEVICE_FAMILY = "1,2";
				TEST_HOST = "$(BUILT_PRODUCTS_DIR)/Fermentor.app/Fermentor";
			};
			name = Release;
		};
/* End XCBuildConfiguration section */

/* Begin XCConfigurationList section */
		DED3C60820AB18FC0002C760 /* Build configuration list for PBXProject "Fermentor" */ = {
			isa = XCConfigurationList;
			buildConfigurations = (
				DED3C62820AB18FC0002C760 /* Debug */,
				DED3C62920AB18FC0002C760 /* Release */,
			);
			defaultConfigurationIsVisible = 0;
			defaultConfigurationName = Release;
		};
		DED3C62A20AB18FC0002C760 /* Build configuration list for PBXNativeTarget "Fermentor" */ = {
			isa = XCConfigurationList;
			buildConfigurations = (
				DED3C62B20AB18FC0002C760 /* Debug */,
				DED3C62C20AB18FC0002C760 /* Release */,
			);
			defaultConfigurationIsVisible = 0;
			defaultConfigurationName = Release;
		};
		DED3C62D20AB18FC0002C760 /* Build configuration list for PBXNativeTarget "FermentorTests" */ = {
			isa = XCConfigurationList;
			buildConfigurations = (
				DED3C62E20AB18FC0002C760 /* Debug */,
				DED3C62F20AB18FC0002C760 /* Release */,
			);
			defaultConfigurationIsVisible = 0;
			defaultConfigurationName = Release;
		};
/* End XCConfigurationList section */
	};
	rootObject = DED3C60520AB18FC0002C760 /* Project object */;
}
